
Microsoft Visual Studio Solution File, Format Version 12.00
# Visual Studio Version 17
VisualStudioVersion = 17.0.31919.166
MinimumVisualStudioVersion = 10.0.40219.1
Project("{9A19103F-16F7-4668-BE54-9A1E7A4F7556}") = "FlightDirector_WPF", "FlightDirector_WPF\FlightDirector_WPF.csproj", "{0EFF0571-4406-40DA-8D10-1B1209D1F124}"
EndProject
Project("{9A19103F-16F7-4668-BE54-9A1E7A4F7556}") = "TelemetryServer", "..\TelemetryServer\TelemetryServer.csproj", "{800B1A66-0D90-4D05-BA73-5E573DB54DCC}"
EndProject
Project("{2150E333-8FDC-42A3-9474-1A3956D46DE8}") = "Solution Items", "Solution Items", "{0FDC1864-FE4B-4CED-BA5C-5627E4E117E9}"
	ProjectSection(SolutionItems) = preProject
		.editorconfig = .editorconfig
	EndProjectSection
EndProject
Project("{9A19103F-16F7-4668-BE54-9A1E7A4F7556}") = "FlightDataReplay", "FlightDataReplay\FlightDataReplay.csproj", "{ED8672FA-1059-4E60-8F02-CECA8A2399DC}"
EndProject
Project("{9A19103F-16F7-4668-BE54-9A1E7A4F7556}") = "LatLon", "LatLon\LatLon.csproj", "{0D60C4CC-B45A-4934-A1A4-CD2B2B2414E0}"
EndProject
Project("{9A19103F-16F7-4668-BE54-9A1E7A4F7556}") = "FlightLib", "FlightLib\FlightLib.csproj", "{E4EDC396-2E61-44FA-8B31-23DCDFF3CE50}"
EndProject
Project("{9A19103F-16F7-4668-BE54-9A1E7A4F7556}") = "PipeReader", "PipeReader\PipeReader.csproj", "{7E1CC517-E351-4024-97DF-4BC76B03AF5C}"
EndProject
Project("{9A19103F-16F7-4668-BE54-9A1E7A4F7556}") = "Map", "Map\Map.csproj", "{3D80893A-DE04-4AA6-BB31-5B59DCDBE786}"
EndProject
Global
	GlobalSection(SolutionConfigurationPlatforms) = preSolution
		Debug|Any CPU = Debug|Any CPU
		Debug|x64 = Debug|x64
		Release|Any CPU = Release|Any CPU
		Release|x64 = Release|x64
	EndGlobalSection
	GlobalSection(ProjectConfigurationPlatforms) = postSolution
		{0EFF0571-4406-40DA-8D10-1B1209D1F124}.Debug|Any CPU.ActiveCfg = Debug|Any CPU
		{0EFF0571-4406-40DA-8D10-1B1209D1F124}.Debug|Any CPU.Build.0 = Debug|Any CPU
		{0EFF0571-4406-40DA-8D10-1B1209D1F124}.Debug|x64.ActiveCfg = Debug|x64
		{0EFF0571-4406-40DA-8D10-1B1209D1F124}.Debug|x64.Build.0 = Debug|x64
		{0EFF0571-4406-40DA-8D10-1B1209D1F124}.Release|Any CPU.ActiveCfg = Release|Any CPU
		{0EFF0571-4406-40DA-8D10-1B1209D1F124}.Release|Any CPU.Build.0 = Release|Any CPU
		{0EFF0571-4406-40DA-8D10-1B1209D1F124}.Release|x64.ActiveCfg = Release|x64
		{0EFF0571-4406-40DA-8D10-1B1209D1F124}.Release|x64.Build.0 = Release|x64
		{800B1A66-0D90-4D05-BA73-5E573DB54DCC}.Debug|Any CPU.ActiveCfg = Debug|Any CPU
		{800B1A66-0D90-4D05-BA73-5E573DB54DCC}.Debug|Any CPU.Build.0 = Debug|Any CPU
		{800B1A66-0D90-4D05-BA73-5E573DB54DCC}.Debug|x64.ActiveCfg = Debug|x64
		{800B1A66-0D90-4D05-BA73-5E573DB54DCC}.Debug|x64.Build.0 = Debug|x64
		{800B1A66-0D90-4D05-BA73-5E573DB54DCC}.Release|Any CPU.ActiveCfg = Release|Any CPU
		{800B1A66-0D90-4D05-BA73-5E573DB54DCC}.Release|Any CPU.Build.0 = Release|Any CPU
		{800B1A66-0D90-4D05-BA73-5E573DB54DCC}.Release|x64.ActiveCfg = Release|x64
		{800B1A66-0D90-4D05-BA73-5E573DB54DCC}.Release|x64.Build.0 = Release|x64
		{ED8672FA-1059-4E60-8F02-CECA8A2399DC}.Debug|Any CPU.ActiveCfg = Debug|Any CPU
		{ED8672FA-1059-4E60-8F02-CECA8A2399DC}.Debug|Any CPU.Build.0 = Debug|Any CPU
		{ED8672FA-1059-4E60-8F02-CECA8A2399DC}.Debug|x64.ActiveCfg = Debug|x64
		{ED8672FA-1059-4E60-8F02-CECA8A2399DC}.Debug|x64.Build.0 = Debug|x64
		{ED8672FA-1059-4E60-8F02-CECA8A2399DC}.Release|Any CPU.ActiveCfg = Release|Any CPU
		{ED8672FA-1059-4E60-8F02-CECA8A2399DC}.Release|Any CPU.Build.0 = Release|Any CPU
		{ED8672FA-1059-4E60-8F02-CECA8A2399DC}.Release|x64.ActiveCfg = Release|x64
		{ED8672FA-1059-4E60-8F02-CECA8A2399DC}.Release|x64.Build.0 = Release|x64
		{0D60C4CC-B45A-4934-A1A4-CD2B2B2414E0}.Debug|Any CPU.ActiveCfg = Debug|Any CPU
		{0D60C4CC-B45A-4934-A1A4-CD2B2B2414E0}.Debug|Any CPU.Build.0 = Debug|Any CPU
		{0D60C4CC-B45A-4934-A1A4-CD2B2B2414E0}.Debug|x64.ActiveCfg = Debug|x64
		{0D60C4CC-B45A-4934-A1A4-CD2B2B2414E0}.Debug|x64.Build.0 = Debug|x64
		{0D60C4CC-B45A-4934-A1A4-CD2B2B2414E0}.Release|Any CPU.ActiveCfg = Release|Any CPU
		{0D60C4CC-B45A-4934-A1A4-CD2B2B2414E0}.Release|Any CPU.Build.0 = Release|Any CPU
		{0D60C4CC-B45A-4934-A1A4-CD2B2B2414E0}.Release|x64.ActiveCfg = Release|x64
		{0D60C4CC-B45A-4934-A1A4-CD2B2B2414E0}.Release|x64.Build.0 = Release|x64
		{E4EDC396-2E61-44FA-8B31-23DCDFF3CE50}.Debug|Any CPU.ActiveCfg = Debug|Any CPU
		{E4EDC396-2E61-44FA-8B31-23DCDFF3CE50}.Debug|Any CPU.Build.0 = Debug|Any CPU
		{E4EDC396-2E61-44FA-8B31-23DCDFF3CE50}.Debug|x64.ActiveCfg = Debug|x64
		{E4EDC396-2E61-44FA-8B31-23DCDFF3CE50}.Debug|x64.Build.0 = Debug|x64
		{E4EDC396-2E61-44FA-8B31-23DCDFF3CE50}.Release|Any CPU.ActiveCfg = Release|Any CPU
		{E4EDC396-2E61-44FA-8B31-23DCDFF3CE50}.Release|Any CPU.Build.0 = Release|Any CPU
		{E4EDC396-2E61-44FA-8B31-23DCDFF3CE50}.Release|x64.ActiveCfg = Release|x64
		{E4EDC396-2E61-44FA-8B31-23DCDFF3CE50}.Release|x64.Build.0 = Release|x64
		{7E1CC517-E351-4024-97DF-4BC76B03AF5C}.Debug|Any CPU.ActiveCfg = Debug|Any CPU
		{7E1CC517-E351-4024-97DF-4BC76B03AF5C}.Debug|Any CPU.Build.0 = Debug|Any CPU
		{7E1CC517-E351-4024-97DF-4BC76B03AF5C}.Debug|x64.ActiveCfg = Debug|Any CPU
		{7E1CC517-E351-4024-97DF-4BC76B03AF5C}.Debug|x64.Build.0 = Debug|Any CPU
		{7E1CC517-E351-4024-97DF-4BC76B03AF5C}.Release|Any CPU.ActiveCfg = Release|Any CPU
		{7E1CC517-E351-4024-97DF-4BC76B03AF5C}.Release|Any CPU.Build.0 = Release|Any CPU
		{7E1CC517-E351-4024-97DF-4BC76B03AF5C}.Release|x64.ActiveCfg = Release|Any CPU
		{7E1CC517-E351-4024-97DF-4BC76B03AF5C}.Release|x64.Build.0 = Release|Any CPU
		{3D80893A-DE04-4AA6-BB31-5B59DCDBE786}.Debug|Any CPU.ActiveCfg = Debug|Any CPU
		{3D80893A-DE04-4AA6-BB31-5B59DCDBE786}.Debug|Any CPU.Build.0 = Debug|Any CPU
		{3D80893A-DE04-4AA6-BB31-5B59DCDBE786}.Debug|x64.ActiveCfg = Debug|x64
		{3D80893A-DE04-4AA6-BB31-5B59DCDBE786}.Debug|x64.Build.0 = Debug|x64
		{3D80893A-DE04-4AA6-BB31-5B59DCDBE786}.Release|Any CPU.ActiveCfg = Release|Any CPU
		{3D80893A-DE04-4AA6-BB31-5B59DCDBE786}.Release|Any CPU.Build.0 = Release|Any CPU
		{3D80893A-DE04-4AA6-BB31-5B59DCDBE786}.Release|x64.ActiveCfg = Release|Any CPU
		{3D80893A-DE04-4AA6-BB31-5B59DCDBE786}.Release|x64.Build.0 = Release|Any CPU
	EndGlobalSection
	GlobalSection(SolutionProperties) = preSolution
		HideSolutionNode = FALSE
	EndGlobalSection
	GlobalSection(ExtensibilityGlobals) = postSolution
		SolutionGuid = {E50530A1-BBE6-41B5-9974-080CAF2D4050}
	EndGlobalSection
EndGlobal
